
Microsoft Visual Studio Solution File, Format Version 12.00
# Visual Studio 15
VisualStudioVersion = 15.0.27703.2042
MinimumVisualStudioVersion = 10.0.40219.1
Project("{FAE04EC0-301F-11D3-BF4B-00C04F79EFBC}") = "eaw-texteditor", "eaw-texteditor\eaw-texteditor.csproj", "{4105FDC3-AEAF-4E80-8046-3DD34C3E3F2E}"
EndProject
Global
	GlobalSection(SolutionConfigurationPlatforms) = preSolution
		Debug|x64 = Debug|x64
		Debug|x86 = Debug|x86
		Release|x64 = Release|x64
		Release|x86 = Release|x86
	EndGlobalSection
	GlobalSection(ProjectConfigurationPlatforms) = postSolution
		{4105FDC3-AEAF-4E80-8046-3DD34C3E3F2E}.Debug|x64.ActiveCfg = Debug|x64
		{4105FDC3-AEAF-4E80-8046-3DD34C3E3F2E}.Debug|x64.Build.0 = Debug|x64
		{4105FDC3-AEAF-4E80-8046-3DD34C3E3F2E}.Debug|x86.ActiveCfg = Debug|x86
		{4105FDC3-AEAF-4E80-8046-3DD34C3E3F2E}.Debug|x86.Build.0 = Debug|x86
		{4105FDC3-AEAF-4E80-8046-3DD34C3E3F2E}.Release|x64.ActiveCfg = Release|x64
		{4105FDC3-AEAF-4E80-8046-3DD34C3E3F2E}.Release|x64.Build.0 = Release|x64
		{4105FDC3-AEAF-4E80-8046-3DD34C3E3F2E}.Release|x86.ActiveCfg = Release|x86
		{4105FDC3-AEAF-4E80-8046-3DD34C3E3F2E}.Release|x86.Build.0 = Release|x86
	EndGlobalSection
	GlobalSection(SolutionProperties) = preSolution
		HideSolutionNode = FALSE
	EndGlobalSection
	GlobalSection(ExtensibilityGlobals) = postSolution
		SolutionGuid = {039DB769-A2FB-4F52-B745-8AFE5FF4E7B3}
	EndGlobalSection
EndGlobal
